// !$*UTF8*$!
{
	archiveVersion = 1;
	classes = {
	};
	objectVersion = 50;
	objects = {

/* Begin PBXBuildFile section */
		036B2CEB12A6EAC9D8EDABEE /* Pods_T_Solvies.framework in Frameworks */ = {isa = PBXBuildFile; fileRef = C45B923A49944EA0816FC4E4 /* Pods_T_Solvies.framework */; };
		41E97223227E102B006BA845 /* AppDelegate.swift in Sources */ = {isa = PBXBuildFile; fileRef = 41E97222227E102B006BA845 /* AppDelegate.swift */; };
		41E97225227E102B006BA845 /* ViewController.swift in Sources */ = {isa = PBXBuildFile; fileRef = 41E97224227E102B006BA845 /* ViewController.swift */; };
		41E97228227E102B006BA845 /* Main.storyboard in Resources */ = {isa = PBXBuildFile; fileRef = 41E97226227E102B006BA845 /* Main.storyboard */; };
		41E9722A227E102D006BA845 /* Assets.xcassets in Resources */ = {isa = PBXBuildFile; fileRef = 41E97229227E102D006BA845 /* Assets.xcassets */; };
		41E9722D227E102D006BA845 /* LaunchScreen.storyboard in Resources */ = {isa = PBXBuildFile; fileRef = 41E9722B227E102D006BA845 /* LaunchScreen.storyboard */; };
/* End PBXBuildFile section */

/* Begin PBXFileReference section */
		41E9721F227E102B006BA845 /* T-Solvies.app */ = {isa = PBXFileReference; explicitFileType = wrapper.application; includeInIndex = 0; path = "T-Solvies.app"; sourceTree = BUILT_PRODUCTS_DIR; };
		41E97222227E102B006BA845 /* AppDelegate.swift */ = {isa = PBXFileReference; lastKnownFileType = sourcecode.swift; path = AppDelegate.swift; sourceTree = "<group>"; };
		41E97224227E102B006BA845 /* ViewController.swift */ = {isa = PBXFileReference; lastKnownFileType = sourcecode.swift; path = ViewController.swift; sourceTree = "<group>"; };
		41E97227227E102B006BA845 /* Base */ = {isa = PBXFileReference; lastKnownFileType = file.storyboard; name = Base; path = Base.lproj/Main.storyboard; sourceTree = "<group>"; };
		41E97229227E102D006BA845 /* Assets.xcassets */ = {isa = PBXFileReference; lastKnownFileType = folder.assetcatalog; path = Assets.xcassets; sourceTree = "<group>"; };
		41E9722C227E102D006BA845 /* Base */ = {isa = PBXFileReference; lastKnownFileType = file.storyboard; name = Base; path = Base.lproj/LaunchScreen.storyboard; sourceTree = "<group>"; };
		41E9722E227E102D006BA845 /* Info.plist */ = {isa = PBXFileReference; lastKnownFileType = text.plist.xml; path = Info.plist; sourceTree = "<group>"; };
		B75643BE1BBF2585FC86BC1A /* Pods-T-Solvies.release.xcconfig */ = {isa = PBXFileReference; includeInIndex = 1; lastKnownFileType = text.xcconfig; name = "Pods-T-Solvies.release.xcconfig"; path = "Pods/Target Support Files/Pods-T-Solvies/Pods-T-Solvies.release.xcconfig"; sourceTree = "<group>"; };
		C45B923A49944EA0816FC4E4 /* Pods_T_Solvies.framework */ = {isa = PBXFileReference; explicitFileType = wrapper.framework; includeInIndex = 0; path = Pods_T_Solvies.framework; sourceTree = BUILT_PRODUCTS_DIR; };
		FB827E1D592616B88B2332A2 /* Pods-T-Solvies.debug.xcconfig */ = {isa = PBXFileReference; includeInIndex = 1; lastKnownFileType = text.xcconfig; name = "Pods-T-Solvies.debug.xcconfig"; path = "Pods/Target Support Files/Pods-T-Solvies/Pods-T-Solvies.debug.xcconfig"; sourceTree = "<group>"; };
/* End PBXFileReference section */

/* Begin PBXFrameworksBuildPhase section */
		41E9721C227E102B006BA845 /* Frameworks */ = {
			isa = PBXFrameworksBuildPhase;
			buildActionMask = 2147483647;
			files = (
				036B2CEB12A6EAC9D8EDABEE /* Pods_T_Solvies.framework in Frameworks */,
			);
			runOnlyForDeploymentPostprocessing = 0;
		};
/* End PBXFrameworksBuildPhase section */

/* Begin PBXGroup section */
		2E4079547E15BBA07CC27E94 /* Pods */ = {
			isa = PBXGroup;
			children = (
				FB827E1D592616B88B2332A2 /* Pods-T-Solvies.debug.xcconfig */,
				B75643BE1BBF2585FC86BC1A /* Pods-T-Solvies.release.xcconfig */,
			);
			name = Pods;
			sourceTree = "<group>";
		};
		41E97216227E102B006BA845 = {
			isa = PBXGroup;
			children = (
				41E97221227E102B006BA845 /* T-Solvies */,
				41E97220227E102B006BA845 /* Products */,
				2E4079547E15BBA07CC27E94 /* Pods */,
				F0FCBBE01EE84D6E766B50A1 /* Frameworks */,
			);
			sourceTree = "<group>";
		};
		41E97220227E102B006BA845 /* Products */ = {
			isa = PBXGroup;
			children = (
				41E9721F227E102B006BA845 /* T-Solvies.app */,
			);
			name = Products;
			sourceTree = "<group>";
		};
		41E97221227E102B006BA845 /* T-Solvies */ = {
			isa = PBXGroup;
			children = (
				41E97222227E102B006BA845 /* AppDelegate.swift */,
				41E97224227E102B006BA845 /* ViewController.swift */,
				41E97226227E102B006BA845 /* Main.storyboard */,
				41E97229227E102D006BA845 /* Assets.xcassets */,
				41E9722B227E102D006BA845 /* LaunchScreen.storyboard */,
				41E9722E227E102D006BA845 /* Info.plist */,
			);
			path = "T-Solvies";
			sourceTree = "<group>";
		};
		F0FCBBE01EE84D6E766B50A1 /* Frameworks */ = {
			isa = PBXGroup;
			children = (
				C45B923A49944EA0816FC4E4 /* Pods_T_Solvies.framework */,
			);
			name = Frameworks;
			sourceTree = "<group>";
		};
/* End PBXGroup section */

/* Begin PBXNativeTarget section */
		41E9721E227E102B006BA845 /* T-Solvies */ = {
			isa = PBXNativeTarget;
			buildConfigurationList = 41E97231227E102D006BA845 /* Build configuration list for PBXNativeTarget "T-Solvies" */;
			buildPhases = (
				34365D9984B5903A35EF5C20 /* [CP] Check Pods Manifest.lock */,
				41E9721B227E102B006BA845 /* Sources */,
				41E9721C227E102B006BA845 /* Frameworks */,
				41E9721D227E102B006BA845 /* Resources */,
			);
			buildRules = (
			);
			dependencies = (
			);
			name = "T-Solvies";
			productName = "T-Solvies";
			productReference = 41E9721F227E102B006BA845 /* T-Solvies.app */;
			productType = "com.apple.product-type.application";
		};
/* End PBXNativeTarget section */

/* Begin PBXProject section */
		41E97217227E102B006BA845 /* Project object */ = {
			isa = PBXProject;
			attributes = {
				LastSwiftUpdateCheck = 1020;
				LastUpgradeCheck = 1020;
				ORGANIZATIONNAME = "Alexander Chudinov";
				TargetAttributes = {
					41E9721E227E102B006BA845 = {
						CreatedOnToolsVersion = 10.2;
					};
				};
			};
			buildConfigurationList = 41E9721A227E102B006BA845 /* Build configuration list for PBXProject "T-Solvies" */;
			compatibilityVersion = "Xcode 9.3";
			developmentRegion = en;
			hasScannedForEncodings = 0;
			knownRegions = (
				en,
				Base,
			);
			mainGroup = 41E97216227E102B006BA845;
			productRefGroup = 41E97220227E102B006BA845 /* Products */;
			projectDirPath = "";
			projectRoot = "";
			targets = (
				41E9721E227E102B006BA845 /* T-Solvies */,
			);
		};
/* End PBXProject section */

/* Begin PBXResourcesBuildPhase section */
		41E9721D227E102B006BA845 /* Resources */ = {
			isa = PBXResourcesBuildPhase;
			buildActionMask = 2147483647;
			files = (
				41E9722D227E102D006BA845 /* LaunchScreen.storyboard in Resources */,
				41E9722A227E102D006BA845 /* Assets.xcassets in Resources */,
				41E97228227E102B006BA845 /* Main.storyboard in Resources */,
			);
			runOnlyForDeploymentPostprocessing = 0;
		};
/* End PBXResourcesBuildPhase section */

/* Begin PBXShellScriptBuildPhase section */
		34365D9984B5903A35EF5C20 /* [CP] Check Pods Manifest.lock */ = {
			isa = PBXShellScriptBuildPhase;
			buildActionMask = 2147483647;
			files = (
			);
			inputPaths = (
				"${PODS_PODFILE_DIR_PATH}/Podfile.lock",
				"${PODS_ROOT}/Manifest.lock",
			);
			name = "[CP] Check Pods Manifest.lock";
			outputPaths = (
				"$(DERIVED_FILE_DIR)/Pods-T-Solvies-checkManifestLockResult.txt",
			);
			runOnlyForDeploymentPostprocessing = 0;
			shellPath = /bin/sh;
			shellScript = "diff \"${PODS_PODFILE_DIR_PATH}/Podfile.lock\" \"${PODS_ROOT}/Manifest.lock\" > /dev/null\nif [ $? != 0 ] ; then\n    # print error to STDERR\n    echo \"error: The sandbox is not in sync with the Podfile.lock. Run 'pod install' or update your CocoaPods installation.\" >&2\n    exit 1\nfi\n# This output is used by Xcode 'outputs' to avoid re-running this script phase.\necho \"SUCCESS\" > \"${SCRIPT_OUTPUT_FILE_0}\"\n";
			showEnvVarsInLog = 0;
		};
/* End PBXShellScriptBuildPhase section */

/* Begin PBXSourcesBuildPhase section */
		41E9721B227E102B006BA845 /* Sources */ = {
			isa = PBXSourcesBuildPhase;
			buildActionMask = 2147483647;
			files = (
				41E97225227E102B006BA845 /* ViewController.swift in Sources */,
				41E97223227E102B006BA845 /* AppDelegate.swift in Sources */,
			);
			runOnlyForDeploymentPostprocessing = 0;
		};
/* End PBXSourcesBuildPhase section */

/* Begin PBXVariantGroup section */
		41E97226227E102B006BA845 /* Main.storyboard */ = {
			isa = PBXVariantGroup;
			children = (
				41E97227227E102B006BA845 /* Base */,
			);
			name = Main.storyboard;
			sourceTree = "<group>";
		};
		41E9722B227E102D006BA845 /* LaunchScreen.storyboard */ = {
			isa = PBXVariantGroup;
			children = (
				41E9722C227E102D006BA845 /* Base */,
			);
			name = LaunchScreen.storyboard;
			sourceTree = "<group>";
		};
/* End PBXVariantGroup section */

/* Begin XCBuildConfiguration section */
		41E9722F227E102D006BA845 /* Debug */ = {
			isa = XCBuildConfiguration;
			buildSettings = {
				ALWAYS_SEARCH_USER_PATHS = NO;
				CLANG_ANALYZER_NONNULL = YES;
				CLANG_ANALYZER_NUMBER_OBJECT_CONVERSION = YES_AGGRESSIVE;
				CLANG_CXX_LANGUAGE_STANDARD = "gnu++14";
				CLANG_CXX_LIBRARY = "libc++";
				CLANG_ENABLE_MODULES = YES;
				CLANG_ENABLE_OBJC_ARC = YES;
				CLANG_ENABLE_OBJC_WEAK = YES;
				CLANG_WARN_BLOCK_CAPTURE_AUTORELEASING = YES;
				CLANG_WARN_BOOL_CONVERSION = YES;
				CLANG_WARN_COMMA = YES;
				CLANG_WARN_CONSTANT_CONVERSION = YES;
				CLANG_WARN_DEPRECATED_OBJC_IMPLEMENTATIONS = YES;
				CLANG_WARN_DIRECT_OBJC_ISA_USAGE = YES_ERROR;
				CLANG_WARN_DOCUMENTATION_COMMENTS = YES;
				CLANG_WARN_EMPTY_BODY = YES;
				CLANG_WARN_ENUM_CONVERSION = YES;
				CLANG_WARN_INFINITE_RECURSION = YES;
				CLANG_WARN_INT_CONVERSION = YES;
				CLANG_WARN_NON_LITERAL_NULL_CONVERSION = YES;
				CLANG_WARN_OBJC_IMPLICIT_RETAIN_SELF = YES;
				CLANG_WARN_OBJC_LITERAL_CONVERSION = YES;
				CLANG_WARN_OBJC_ROOT_CLASS = YES_ERROR;
				CLANG_WARN_RANGE_LOOP_ANALYSIS = YES;
				CLANG_WARN_STRICT_PROTOTYPES = YES;
				CLANG_WARN_SUSPICIOUS_MOVE = YES;
				CLANG_WARN_UNGUARDED_AVAILABILITY = YES_AGGRESSIVE;
				CLANG_WARN_UNREACHABLE_CODE = YES;
				CLANG_WARN__DUPLICATE_METHOD_MATCH = YES;
				CODE_SIGN_IDENTITY = "iPhone Developer";
				COPY_PHASE_STRIP = NO;
				DEBUG_INFORMATION_FORMAT = dwarf;
				ENABLE_STRICT_OBJC_MSGSEND = YES;
				ENABLE_TESTABILITY = YES;
				GCC_C_LANGUAGE_STANDARD = gnu11;
				GCC_DYNAMIC_NO_PIC = NO;
				GCC_NO_COMMON_BLOCKS = YES;
				GCC_OPTIMIZATION_LEVEL = 0;
				GCC_PREPROCESSOR_DEFINITIONS = (
					"DEBUG=1",
					"$(inherited)",
				);
				GCC_WARN_64_TO_32_BIT_CONVERSION = YES;
				GCC_WARN_ABOUT_RETURN_TYPE = YES_ERROR;
				GCC_WARN_UNDECLARED_SELECTOR = YES;
				GCC_WARN_UNINITIALIZED_AUTOS = YES_AGGRESSIVE;
				GCC_WARN_UNUSED_FUNCTION = YES;
				GCC_WARN_UNUSED_VARIABLE = YES;
				IPHONEOS_DEPLOYMENT_TARGET = 12.2;
				MTL_ENABLE_DEBUG_INFO = INCLUDE_SOURCE;
				MTL_FAST_MATH = YES;
				ONLY_ACTIVE_ARCH = YES;
				SDKROOT = iphoneos;
				SWIFT_ACTIVE_COMPILATION_CONDITIONS = DEBUG;
				SWIFT_OPTIMIZATION_LEVEL = "-Onone";
			};
			name = Debug;
		};
		41E97230227E102D006BA845 /* Release */ = {
			isa = XCBuildConfiguration;
			buildSettings = {
				ALWAYS_SEARCH_USER_PATHS = NO;
				CLANG_ANALYZER_NONNULL = YES;
				CLANG_ANALYZER_NUMBER_OBJECT_CONVERSION = YES_AGGRESSIVE;
				CLANG_CXX_LANGUAGE_STANDARD = "gnu++14";
				CLANG_CXX_LIBRARY = "libc++";
				CLANG_ENABLE_MODULES = YES;
				CLANG_ENABLE_OBJC_ARC = YES;
				CLANG_ENABLE_OBJC_WEAK = YES;
				CLANG_WARN_BLOCK_CAPTURE_AUTORELEASING = YES;
				CLANG_WARN_BOOL_CONVERSION = YES;
				CLANG_WARN_COMMA = YES;
				CLANG_WARN_CONSTANT_CONVERSION = YES;
				CLANG_WARN_DEPRECATED_OBJC_IMPLEMENTATIONS = YES;
				CLANG_WARN_DIRECT_OBJC_ISA_USAGE = YES_ERROR;
				CLANG_WARN_DOCUMENTATION_COMMENTS = YES;
				CLANG_WARN_EMPTY_BODY = YES;
				CLANG_WARN_ENUM_CONVERSION = YES;
				CLANG_WARN_INFINITE_RECURSION = YES;
				CLANG_WARN_INT_CONVERSION = YES;
				CLANG_WARN_NON_LITERAL_NULL_CONVERSION = YES;
				CLANG_WARN_OBJC_IMPLICIT_RETAIN_SELF = YES;
				CLANG_WARN_OBJC_LITERAL_CONVERSION = YES;
				CLANG_WARN_OBJC_ROOT_CLASS = YES_ERROR;
				CLANG_WARN_RANGE_LOOP_ANALYSIS = YES;
				CLANG_WARN_STRICT_PROTOTYPES = YES;
				CLANG_WARN_SUSPICIOUS_MOVE = YES;
				CLANG_WARN_UNGUARDED_AVAILABILITY = YES_AGGRESSIVE;
				CLANG_WARN_UNREACHABLE_CODE = YES;
				CLANG_WARN__DUPLICATE_METHOD_MATCH = YES;
				CODE_SIGN_IDENTITY = "iPhone Developer";
				COPY_PHASE_STRIP = NO;
				DEBUG_INFORMATION_FORMAT = "dwarf-with-dsym";
				ENABLE_NS_ASSERTIONS = NO;
				ENABLE_STRICT_OBJC_MSGSEND = YES;
				GCC_C_LANGUAGE_STANDARD = gnu11;
				GCC_NO_COMMON_BLOCKS = YES;
				GCC_WARN_64_TO_32_BIT_CONVERSION = YES;
				GCC_WARN_ABOUT_RETURN_TYPE = YES_ERROR;
				GCC_WARN_UNDECLARED_SELECTOR = YES;
				GCC_WARN_UNINITIALIZED_AUTOS = YES_AGGRESSIVE;
				GCC_WARN_UNUSED_FUNCTION = YES;
				GCC_WARN_UNUSED_VARIABLE = YES;
				IPHONEOS_DEPLOYMENT_TARGET = 12.2;
				MTL_ENABLE_DEBUG_INFO = NO;
				MTL_FAST_MATH = YES;
				SDKROOT = iphoneos;
				SWIFT_COMPILATION_MODE = wholemodule;
				SWIFT_OPTIMIZATION_LEVEL = "-O";
				VALIDATE_PRODUCT = YES;
			};
			name = Release;
		};
		41E97232227E102D006BA845 /* Debug */ = {
			isa = XCBuildConfiguration;
			baseConfigurationReference = FB827E1D592616B88B2332A2 /* Pods-T-Solvies.debug.xcconfig */;
			buildSettings = {
				ASSETCATALOG_COMPILER_APPICON_NAME = AppIcon;
				CODE_SIGN_STYLE = Automatic;
				DEVELOPMENT_TEAM = QJC37CW5P5;
				INFOPLIST_FILE = "T-Solvies/Info.plist";
				LD_RUNPATH_SEARCH_PATHS = (
					"$(inherited)",
					"@executable_path/Frameworks",
				);
				PRODUCT_BUNDLE_IDENTIFIER = "com.alexanderchudinov.T-Solvies";
				PRODUCT_NAME = "$(TARGET_NAME)";
				SWIFT_VERSION = 5.0;
				TARGETED_DEVICE_FAMILY = "1,2";
			};
			name = Debug;
		};
		41E97233227E102D006BA845 /* Release */ = {
			isa = XCBuildConfiguration;
			baseConfigurationReference = B75643BE1BBF2585FC86BC1A /* Pods-T-Solvies.release.xcconfig */;
			buildSettings = {
				ASSETCATALOG_COMPILER_APPICON_NAME = AppIcon;
				CODE_SIGN_STYLE = Automatic;
				DEVELOPMENT_TEAM = QJC37CW5P5;
				INFOPLIST_FILE = "T-Solvies/Info.plist";
				LD_RUNPATH_SEARCH_PATHS = (
					"$(inherited)",
					"@executable_path/Frameworks",
				);
				PRODUCT_BUNDLE_IDENTIFIER = "com.alexanderchudinov.T-Solvies";
				PRODUCT_NAME = "$(TARGET_NAME)";
				SWIFT_VERSION = 5.0;
				TARGETED_DEVICE_FAMILY = "1,2";
			};
			name = Release;
		};
/* End XCBuildConfiguration section */

/* Begin XCConfigurationList section */
		41E9721A227E102B006BA845 /* Build configuration list for PBXProject "T-Solvies" */ = {
			isa = XCConfigurationList;
			buildConfigurations = (
				41E9722F227E102D006BA845 /* Debug */,
				41E97230227E102D006BA845 /* Release */,
			);
			defaultConfigurationIsVisible = 0;
			defaultConfigurationName = Release;
		};
		41E97231227E102D006BA845 /* Build configuration list for PBXNativeTarget "T-Solvies" */ = {
			isa = XCConfigurationList;
			buildConfigurations = (
				41E97232227E102D006BA845 /* Debug */,
				41E97233227E102D006BA845 /* Release */,
			);
			defaultConfigurationIsVisible = 0;
			defaultConfigurationName = Release;
		};
/* End XCConfigurationList section */
	};
	rootObject = 41E97217227E102B006BA845 /* Project object */;
}
